// !$*UTF8*$!
{
	archiveVersion = 1;
	classes = {
	};
	objectVersion = 46;
	objects = {

/* Begin PBXBuildFile section */
		B26D822B1B8139BD009CE795 /* JustRegisterViewController.m in Sources */ = {isa = PBXBuildFile; fileRef = B26D822A1B8139BD009CE795 /* JustRegisterViewController.m */; };
		B27F4B271B5CA72800ED08F1 /* MainViewController.m in Sources */ = {isa = PBXBuildFile; fileRef = B27F4B261B5CA72800ED08F1 /* MainViewController.m */; };
		B27F4B2D1B60739200ED08F1 /* PlayModeViewController.m in Sources */ = {isa = PBXBuildFile; fileRef = B27F4B2C1B60739200ED08F1 /* PlayModeViewController.m */; };
		B27F4B301B607CDB00ED08F1 /* EasyViewController.m in Sources */ = {isa = PBXBuildFile; fileRef = B27F4B2F1B607CDB00ED08F1 /* EasyViewController.m */; };
		B2A8BFE41B5A0CAD00408288 /* main.m in Sources */ = {isa = PBXBuildFile; fileRef = B2A8BFE31B5A0CAD00408288 /* main.m */; };
		B2A8BFE71B5A0CAD00408288 /* AppDelegate.m in Sources */ = {isa = PBXBuildFile; fileRef = B2A8BFE61B5A0CAD00408288 /* AppDelegate.m */; };
		B2A8BFEA1B5A0CAD00408288 /* ViewController.m in Sources */ = {isa = PBXBuildFile; fileRef = B2A8BFE91B5A0CAD00408288 /* ViewController.m */; };
		B2A8BFED1B5A0CAD00408288 /* Main.storyboard in Resources */ = {isa = PBXBuildFile; fileRef = B2A8BFEB1B5A0CAD00408288 /* Main.storyboard */; };
		B2A8BFEF1B5A0CAD00408288 /* Images.xcassets in Resources */ = {isa = PBXBuildFile; fileRef = B2A8BFEE1B5A0CAD00408288 /* Images.xcassets */; };
		B2A8BFF21B5A0CAD00408288 /* LaunchScreen.xib in Resources */ = {isa = PBXBuildFile; fileRef = B2A8BFF01B5A0CAD00408288 /* LaunchScreen.xib */; };
		B2A8C0091B5A0FA200408288 /* SecondViewController.m in Sources */ = {isa = PBXBuildFile; fileRef = B2A8C0081B5A0FA200408288 /* SecondViewController.m */; };
		B2A8C00B1B5C6E2900408288 /* Default-568h@2x.png in Resources */ = {isa = PBXBuildFile; fileRef = B2A8C00A1B5C6E2900408288 /* Default-568h@2x.png */; };
		B2DB03FA1B6C446900F3CAF6 /* AVFoundation.framework in Frameworks */ = {isa = PBXBuildFile; fileRef = B2DB03F91B6C446900F3CAF6 /* AVFoundation.framework */; };
		B2DB03FC1B6C49E700F3CAF6 /* Beautiful_Ambient_Space_Music__Part_3.mp3 in Resources */ = {isa = PBXBuildFile; fileRef = B2DB03FB1B6C49E700F3CAF6 /* Beautiful_Ambient_Space_Music__Part_3.mp3 */; };
		B2DB03FE1B6D2A6D00F3CAF6 /* spacemusic.mp3 in Resources */ = {isa = PBXBuildFile; fileRef = B2DB03FD1B6D2A6D00F3CAF6 /* spacemusic.mp3 */; };
		B2DB04001B6ED19300F3CAF6 /* space1.png in Resources */ = {isa = PBXBuildFile; fileRef = B2DB03FF1B6ED19300F3CAF6 /* space1.png */; };
		B2DB04021B6ED19A00F3CAF6 /* space2.png in Resources */ = {isa = PBXBuildFile; fileRef = B2DB04011B6ED19A00F3CAF6 /* space2.png */; };
		B2DB04041B6ED1A200F3CAF6 /* space3.png in Resources */ = {isa = PBXBuildFile; fileRef = B2DB04031B6ED1A200F3CAF6 /* space3.png */; };
		B2DB04061B6ED1AA00F3CAF6 /* space4.png in Resources */ = {isa = PBXBuildFile; fileRef = B2DB04051B6ED1AA00F3CAF6 /* space4.png */; };
		B2DB04081B6ED1B100F3CAF6 /* space5.png in Resources */ = {isa = PBXBuildFile; fileRef = B2DB04071B6ED1B100F3CAF6 /* space5.png */; };
		B2DB040A1B6ED1B900F3CAF6 /* space6.jpg in Resources */ = {isa = PBXBuildFile; fileRef = B2DB04091B6ED1B900F3CAF6 /* space6.jpg */; };
		B2DB040C1B72C73C00F3CAF6 /* CosmoQuiz.png in Resources */ = {isa = PBXBuildFile; fileRef = B2DB040B1B72C73C00F3CAF6 /* CosmoQuiz.png */; };
		B2DB040E1B76A57300F3CAF6 /* coolplanet.jpg in Resources */ = {isa = PBXBuildFile; fileRef = B2DB040D1B76A57300F3CAF6 /* coolplanet.jpg */; };
		B2DB04171B7AEC2E00F3CAF6 /* RegisterLoginViewController.m in Sources */ = {isa = PBXBuildFile; fileRef = B2DB04161B7AEC2E00F3CAF6 /* RegisterLoginViewController.m */; };
/* End PBXBuildFile section */

/* Begin PBXFileReference section */
		B26D82291B8139BD009CE795 /* JustRegisterViewController.h */ = {isa = PBXFileReference; fileEncoding = 4; lastKnownFileType = sourcecode.c.h; path = JustRegisterViewController.h; sourceTree = "<group>"; };
		B26D822A1B8139BD009CE795 /* JustRegisterViewController.m */ = {isa = PBXFileReference; fileEncoding = 4; lastKnownFileType = sourcecode.c.objc; path = JustRegisterViewController.m; sourceTree = "<group>"; };
		B27F4B251B5CA72800ED08F1 /* MainViewController.h */ = {isa = PBXFileReference; fileEncoding = 4; lastKnownFileType = sourcecode.c.h; path = MainViewController.h; sourceTree = "<group>"; };
		B27F4B261B5CA72800ED08F1 /* MainViewController.m */ = {isa = PBXFileReference; fileEncoding = 4; lastKnownFileType = sourcecode.c.objc; path = MainViewController.m; sourceTree = "<group>"; };
		B27F4B2B1B60739200ED08F1 /* PlayModeViewController.h */ = {isa = PBXFileReference; fileEncoding = 4; lastKnownFileType = sourcecode.c.h; path = PlayModeViewController.h; sourceTree = "<group>"; };
		B27F4B2C1B60739200ED08F1 /* PlayModeViewController.m */ = {isa = PBXFileReference; fileEncoding = 4; lastKnownFileType = sourcecode.c.objc; path = PlayModeViewController.m; sourceTree = "<group>"; };
		B27F4B2E1B607CDB00ED08F1 /* EasyViewController.h */ = {isa = PBXFileReference; fileEncoding = 4; lastKnownFileType = sourcecode.c.h; path = EasyViewController.h; sourceTree = "<group>"; };
		B27F4B2F1B607CDB00ED08F1 /* EasyViewController.m */ = {isa = PBXFileReference; fileEncoding = 4; lastKnownFileType = sourcecode.c.objc; path = EasyViewController.m; sourceTree = "<group>"; };
		B2A8BFDE1B5A0CAD00408288 /* CosmoQuiz.app */ = {isa = PBXFileReference; explicitFileType = wrapper.application; includeInIndex = 0; path = CosmoQuiz.app; sourceTree = BUILT_PRODUCTS_DIR; };
		B2A8BFE21B5A0CAD00408288 /* Info.plist */ = {isa = PBXFileReference; lastKnownFileType = text.plist.xml; path = Info.plist; sourceTree = "<group>"; };
		B2A8BFE31B5A0CAD00408288 /* main.m */ = {isa = PBXFileReference; lastKnownFileType = sourcecode.c.objc; path = main.m; sourceTree = "<group>"; };
		B2A8BFE51B5A0CAD00408288 /* AppDelegate.h */ = {isa = PBXFileReference; lastKnownFileType = sourcecode.c.h; path = AppDelegate.h; sourceTree = "<group>"; };
		B2A8BFE61B5A0CAD00408288 /* AppDelegate.m */ = {isa = PBXFileReference; lastKnownFileType = sourcecode.c.objc; path = AppDelegate.m; sourceTree = "<group>"; };
		B2A8BFE81B5A0CAD00408288 /* ViewController.h */ = {isa = PBXFileReference; lastKnownFileType = sourcecode.c.h; path = ViewController.h; sourceTree = "<group>"; };
		B2A8BFE91B5A0CAD00408288 /* ViewController.m */ = {isa = PBXFileReference; lastKnownFileType = sourcecode.c.objc; path = ViewController.m; sourceTree = "<group>"; };
		B2A8BFEC1B5A0CAD00408288 /* Base */ = {isa = PBXFileReference; lastKnownFileType = file.storyboard; name = Base; path = Base.lproj/Main.storyboard; sourceTree = "<group>"; };
		B2A8BFEE1B5A0CAD00408288 /* Images.xcassets */ = {isa = PBXFileReference; lastKnownFileType = folder.assetcatalog; path = Images.xcassets; sourceTree = "<group>"; };
		B2A8BFF11B5A0CAD00408288 /* Base */ = {isa = PBXFileReference; lastKnownFileType = file.xib; name = Base; path = Base.lproj/LaunchScreen.xib; sourceTree = "<group>"; };
		B2A8BFFC1B5A0CAD00408288 /* Info.plist */ = {isa = PBXFileReference; lastKnownFileType = text.plist.xml; path = Info.plist; sourceTree = "<group>"; };
		B2A8BFFD1B5A0CAD00408288 /* CosmoQuizTests.m */ = {isa = PBXFileReference; lastKnownFileType = sourcecode.c.objc; path = CosmoQuizTests.m; sourceTree = "<group>"; };
		B2A8C0071B5A0FA200408288 /* SecondViewController.h */ = {isa = PBXFileReference; fileEncoding = 4; lastKnownFileType = sourcecode.c.h; path = SecondViewController.h; sourceTree = "<group>"; };
		B2A8C0081B5A0FA200408288 /* SecondViewController.m */ = {isa = PBXFileReference; fileEncoding = 4; lastKnownFileType = sourcecode.c.objc; path = SecondViewController.m; sourceTree = "<group>"; };
		B2A8C00A1B5C6E2900408288 /* Default-568h@2x.png */ = {isa = PBXFileReference; lastKnownFileType = image.png; path = "Default-568h@2x.png"; sourceTree = "<group>"; };
		B2DB03F91B6C446900F3CAF6 /* AVFoundation.framework */ = {isa = PBXFileReference; lastKnownFileType = wrapper.framework; name = AVFoundation.framework; path = System/Library/Frameworks/AVFoundation.framework; sourceTree = SDKROOT; };
		B2DB03FB1B6C49E700F3CAF6 /* Beautiful_Ambient_Space_Music__Part_3.mp3 */ = {isa = PBXFileReference; lastKnownFileType = audio.mp3; name = Beautiful_Ambient_Space_Music__Part_3.mp3; path = ../../../../Downloads/Beautiful_Ambient_Space_Music__Part_3.mp3; sourceTree = "<group>"; };
		B2DB03FD1B6D2A6D00F3CAF6 /* spacemusic.mp3 */ = {isa = PBXFileReference; lastKnownFileType = audio.mp3; name = spacemusic.mp3; path = ../../../../Downloads/spacemusic.mp3; sourceTree = "<group>"; };
		B2DB03FF1B6ED19300F3CAF6 /* space1.png */ = {isa = PBXFileReference; lastKnownFileType = image.png; name = space1.png; path = ../../../space1.png; sourceTree = "<group>"; };
		B2DB04011B6ED19A00F3CAF6 /* space2.png */ = {isa = PBXFileReference; lastKnownFileType = image.png; name = space2.png; path = ../../../space2.png; sourceTree = "<group>"; };
		B2DB04031B6ED1A200F3CAF6 /* space3.png */ = {isa = PBXFileReference; lastKnownFileType = image.png; name = space3.png; path = ../../../space3.png; sourceTree = "<group>"; };
		B2DB04051B6ED1AA00F3CAF6 /* space4.png */ = {isa = PBXFileReference; lastKnownFileType = image.png; name = space4.png; path = ../../../space4.png; sourceTree = "<group>"; };
		B2DB04071B6ED1B100F3CAF6 /* space5.png */ = {isa = PBXFileReference; lastKnownFileType = image.png; name = space5.png; path = ../../../space5.png; sourceTree = "<group>"; };
		B2DB04091B6ED1B900F3CAF6 /* space6.jpg */ = {isa = PBXFileReference; lastKnownFileType = image.jpeg; name = space6.jpg; path = ../../../space6.jpg; sourceTree = "<group>"; };
		B2DB040B1B72C73C00F3CAF6 /* CosmoQuiz.png */ = {isa = PBXFileReference; lastKnownFileType = image.png; name = CosmoQuiz.png; path = ../../../CosmoQuiz.png; sourceTree = "<group>"; };
		B2DB040D1B76A57300F3CAF6 /* coolplanet.jpg */ = {isa = PBXFileReference; lastKnownFileType = image.jpeg; name = coolplanet.jpg; path = ../../../../Documents/coolplanet.jpg; sourceTree = "<group>"; };
		B2DB04151B7AEC2E00F3CAF6 /* RegisterLoginViewController.h */ = {isa = PBXFileReference; fileEncoding = 4; lastKnownFileType = sourcecode.c.h; path = RegisterLoginViewController.h; sourceTree = "<group>"; };
		B2DB04161B7AEC2E00F3CAF6 /* RegisterLoginViewController.m */ = {isa = PBXFileReference; fileEncoding = 4; lastKnownFileType = sourcecode.c.objc; path = RegisterLoginViewController.m; sourceTree = "<group>"; };
/* End PBXFileReference section */

/* Begin PBXFrameworksBuildPhase section */
		B2A8BFDB1B5A0CAD00408288 /* Frameworks */ = {
			isa = PBXFrameworksBuildPhase;
			buildActionMask = 2147483647;
			files = (
				B2DB03FA1B6C446900F3CAF6 /* AVFoundation.framework in Frameworks */,
			);
			runOnlyForDeploymentPostprocessing = 0;
		};
/* End PBXFrameworksBuildPhase section */

/* Begin PBXGroup section */
		B2A8BFD51B5A0CAD00408288 = {
			isa = PBXGroup;
			children = (
				B2DB03F91B6C446900F3CAF6 /* AVFoundation.framework */,
				B2A8C00A1B5C6E2900408288 /* Default-568h@2x.png */,
				B2A8BFE01B5A0CAD00408288 /* CosmoQuiz */,
				B2A8BFFA1B5A0CAD00408288 /* CosmoQuizTests */,
				B2A8BFDF1B5A0CAD00408288 /* Products */,
			);
			sourceTree = "<group>";
		};
		B2A8BFDF1B5A0CAD00408288 /* Products */ = {
			isa = PBXGroup;
			children = (
				B2A8BFDE1B5A0CAD00408288 /* CosmoQuiz.app */,
			);
			name = Products;
			sourceTree = "<group>";
		};
		B2A8BFE01B5A0CAD00408288 /* CosmoQuiz */ = {
			isa = PBXGroup;
			children = (
				B2DB040D1B76A57300F3CAF6 /* coolplanet.jpg */,
				B2DB040B1B72C73C00F3CAF6 /* CosmoQuiz.png */,
				B2DB04091B6ED1B900F3CAF6 /* space6.jpg */,
				B2DB04071B6ED1B100F3CAF6 /* space5.png */,
				B2DB04051B6ED1AA00F3CAF6 /* space4.png */,
				B2DB04031B6ED1A200F3CAF6 /* space3.png */,
				B2DB04011B6ED19A00F3CAF6 /* space2.png */,
				B2DB03FF1B6ED19300F3CAF6 /* space1.png */,
				B2DB03FD1B6D2A6D00F3CAF6 /* spacemusic.mp3 */,
				B2DB03FB1B6C49E700F3CAF6 /* Beautiful_Ambient_Space_Music__Part_3.mp3 */,
				B2A8BFE51B5A0CAD00408288 /* AppDelegate.h */,
				B2A8BFE61B5A0CAD00408288 /* AppDelegate.m */,
				B27F4B251B5CA72800ED08F1 /* MainViewController.h */,
				B27F4B261B5CA72800ED08F1 /* MainViewController.m */,
				B27F4B2E1B607CDB00ED08F1 /* EasyViewController.h */,
				B27F4B2F1B607CDB00ED08F1 /* EasyViewController.m */,
				B2DB04151B7AEC2E00F3CAF6 /* RegisterLoginViewController.h */,
				B2DB04161B7AEC2E00F3CAF6 /* RegisterLoginViewController.m */,
				B26D82291B8139BD009CE795 /* JustRegisterViewController.h */,
				B26D822A1B8139BD009CE795 /* JustRegisterViewController.m */,
				B2A8BFE81B5A0CAD00408288 /* ViewController.h */,
				B2A8BFE91B5A0CAD00408288 /* ViewController.m */,
				B27F4B2B1B60739200ED08F1 /* PlayModeViewController.h */,
				B27F4B2C1B60739200ED08F1 /* PlayModeViewController.m */,
				B2A8C0071B5A0FA200408288 /* SecondViewController.h */,
				B2A8C0081B5A0FA200408288 /* SecondViewController.m */,
				B2A8BFEB1B5A0CAD00408288 /* Main.storyboard */,
				B2A8BFEE1B5A0CAD00408288 /* Images.xcassets */,
				B2A8BFF01B5A0CAD00408288 /* LaunchScreen.xib */,
				B2A8BFE11B5A0CAD00408288 /* Supporting Files */,
			);
			name = CosmoQuiz;
			path = SpaceGame;
			sourceTree = "<group>";
		};
		B2A8BFE11B5A0CAD00408288 /* Supporting Files */ = {
			isa = PBXGroup;
			children = (
				B2A8BFE21B5A0CAD00408288 /* Info.plist */,
				B2A8BFE31B5A0CAD00408288 /* main.m */,
			);
			name = "Supporting Files";
			sourceTree = "<group>";
		};
		B2A8BFFA1B5A0CAD00408288 /* CosmoQuizTests */ = {
			isa = PBXGroup;
			children = (
				B2A8BFFD1B5A0CAD00408288 /* CosmoQuizTests.m */,
				B2A8BFFB1B5A0CAD00408288 /* Supporting Files */,
			);
			name = CosmoQuizTests;
			path = SpaceGameTests;
			sourceTree = "<group>";
		};
		B2A8BFFB1B5A0CAD00408288 /* Supporting Files */ = {
			isa = PBXGroup;
			children = (
				B2A8BFFC1B5A0CAD00408288 /* Info.plist */,
			);
			name = "Supporting Files";
			sourceTree = "<group>";
		};
/* End PBXGroup section */

/* Begin PBXNativeTarget section */
		B2A8BFDD1B5A0CAD00408288 /* CosmoQuiz */ = {
			isa = PBXNativeTarget;
			buildConfigurationList = B2A8C0011B5A0CAD00408288 /* Build configuration list for PBXNativeTarget "CosmoQuiz" */;
			buildPhases = (
				B2A8BFDA1B5A0CAD00408288 /* Sources */,
				B2A8BFDB1B5A0CAD00408288 /* Frameworks */,
				B2A8BFDC1B5A0CAD00408288 /* Resources */,
			);
			buildRules = (
			);
			dependencies = (
			);
			name = CosmoQuiz;
			productName = SpaceGame;
			productReference = B2A8BFDE1B5A0CAD00408288 /* CosmoQuiz.app */;
			productType = "com.apple.product-type.application";
		};
/* End PBXNativeTarget section */

/* Begin PBXProject section */
		B2A8BFD61B5A0CAD00408288 /* Project object */ = {
			isa = PBXProject;
			attributes = {
				LastUpgradeCheck = 0640;
				ORGANIZATIONNAME = "Matthew Turk";
				TargetAttributes = {
					B2A8BFDD1B5A0CAD00408288 = {
						CreatedOnToolsVersion = 6.4;
					};
				};
			};
			buildConfigurationList = B2A8BFD91B5A0CAD00408288 /* Build configuration list for PBXProject "CosmoQuiz" */;
			compatibilityVersion = "Xcode 3.2";
			developmentRegion = English;
			hasScannedForEncodings = 0;
			knownRegions = (
				en,
				Base,
			);
			mainGroup = B2A8BFD51B5A0CAD00408288;
			productRefGroup = B2A8BFDF1B5A0CAD00408288 /* Products */;
			projectDirPath = "";
			projectRoot = "";
			targets = (
				B2A8BFDD1B5A0CAD00408288 /* CosmoQuiz */,
			);
		};
/* End PBXProject section */

/* Begin PBXResourcesBuildPhase section */
		B2A8BFDC1B5A0CAD00408288 /* Resources */ = {
			isa = PBXResourcesBuildPhase;
			buildActionMask = 2147483647;
			files = (
				B2DB04081B6ED1B100F3CAF6 /* space5.png in Resources */,
				B2DB04001B6ED19300F3CAF6 /* space1.png in Resources */,
				B2DB03FE1B6D2A6D00F3CAF6 /* spacemusic.mp3 in Resources */,
				B2DB04041B6ED1A200F3CAF6 /* space3.png in Resources */,
				B2A8BFED1B5A0CAD00408288 /* Main.storyboard in Resources */,
				B2DB04021B6ED19A00F3CAF6 /* space2.png in Resources */,
				B2DB040E1B76A57300F3CAF6 /* coolplanet.jpg in Resources */,
				B2DB04061B6ED1AA00F3CAF6 /* space4.png in Resources */,
				B2DB040C1B72C73C00F3CAF6 /* CosmoQuiz.png in Resources */,
				B2DB040A1B6ED1B900F3CAF6 /* space6.jpg in Resources */,
				B2A8C00B1B5C6E2900408288 /* Default-568h@2x.png in Resources */,
				B2A8BFF21B5A0CAD00408288 /* LaunchScreen.xib in Resources */,
				B2DB03FC1B6C49E700F3CAF6 /* Beautiful_Ambient_Space_Music__Part_3.mp3 in Resources */,
				B2A8BFEF1B5A0CAD00408288 /* Images.xcassets in Resources */,
			);
			runOnlyForDeploymentPostprocessing = 0;
		};
/* End PBXResourcesBuildPhase section */

/* Begin PBXSourcesBuildPhase section */
		B2A8BFDA1B5A0CAD00408288 /* Sources */ = {
			isa = PBXSourcesBuildPhase;
			buildActionMask = 2147483647;
			files = (
				B2A8C0091B5A0FA200408288 /* SecondViewController.m in Sources */,
				B26D822B1B8139BD009CE795 /* JustRegisterViewController.m in Sources */,
				B27F4B2D1B60739200ED08F1 /* PlayModeViewController.m in Sources */,
				B2A8BFEA1B5A0CAD00408288 /* ViewController.m in Sources */,
				B2A8BFE71B5A0CAD00408288 /* AppDelegate.m in Sources */,
				B27F4B301B607CDB00ED08F1 /* EasyViewController.m in Sources */,
				B2DB04171B7AEC2E00F3CAF6 /* RegisterLoginViewController.m in Sources */,
				B27F4B271B5CA72800ED08F1 /* MainViewController.m in Sources */,
				B2A8BFE41B5A0CAD00408288 /* main.m in Sources */,
			);
			runOnlyForDeploymentPostprocessing = 0;
		};
/* End PBXSourcesBuildPhase section */

/* Begin PBXVariantGroup section */
		B2A8BFEB1B5A0CAD00408288 /* Main.storyboard */ = {
			isa = PBXVariantGroup;
			children = (
				B2A8BFEC1B5A0CAD00408288 /* Base */,
			);
			name = Main.storyboard;
			sourceTree = "<group>";
		};
		B2A8BFF01B5A0CAD00408288 /* LaunchScreen.xib */ = {
			isa = PBXVariantGroup;
			children = (
				B2A8BFF11B5A0CAD00408288 /* Base */,
			);
			name = LaunchScreen.xib;
			sourceTree = "<group>";
		};
/* End PBXVariantGroup section */

/* Begin XCBuildConfiguration section */
		B2A8BFFF1B5A0CAD00408288 /* Debug */ = {
			isa = XCBuildConfiguration;
			buildSettings = {
				ALWAYS_SEARCH_USER_PATHS = YES;
				CLANG_CXX_LANGUAGE_STANDARD = "gnu++0x";
				CLANG_CXX_LIBRARY = "libc++";
				CLANG_ENABLE_MODULES = YES;
				CLANG_ENABLE_OBJC_ARC = YES;
				CLANG_WARN_BOOL_CONVERSION = YES;
				CLANG_WARN_CONSTANT_CONVERSION = YES;
				CLANG_WARN_DIRECT_OBJC_ISA_USAGE = YES_ERROR;
				CLANG_WARN_EMPTY_BODY = YES;
				CLANG_WARN_ENUM_CONVERSION = YES;
				CLANG_WARN_INT_CONVERSION = YES;
				CLANG_WARN_OBJC_ROOT_CLASS = YES_ERROR;
				CLANG_WARN_UNREACHABLE_CODE = YES;
				CLANG_WARN__DUPLICATE_METHOD_MATCH = YES;
				"CODE_SIGN_IDENTITY[sdk=iphoneos*]" = "iPhone Developer";
				COPY_PHASE_STRIP = NO;
				DEBUG_INFORMATION_FORMAT = "dwarf-with-dsym";
				ENABLE_STRICT_OBJC_MSGSEND = YES;
				FRAMEWORK_SEARCH_PATHS = "./**";
				GCC_C_LANGUAGE_STANDARD = gnu99;
				GCC_DYNAMIC_NO_PIC = NO;
				GCC_NO_COMMON_BLOCKS = YES;
				GCC_OPTIMIZATION_LEVEL = 0;
				GCC_PREPROCESSOR_DEFINITIONS = (
					"DEBUG=1",
					"$(inherited)",
				);
				GCC_SYMBOLS_PRIVATE_EXTERN = NO;
				GCC_WARN_64_TO_32_BIT_CONVERSION = YES;
				GCC_WARN_ABOUT_RETURN_TYPE = YES_ERROR;
				GCC_WARN_UNDECLARED_SELECTOR = YES;
				GCC_WARN_UNINITIALIZED_AUTOS = YES_AGGRESSIVE;
				GCC_WARN_UNUSED_FUNCTION = YES;
				GCC_WARN_UNUSED_VARIABLE = YES;
				IPHONEOS_DEPLOYMENT_TARGET = 8.4;
				MTL_ENABLE_DEBUG_INFO = YES;
				ONLY_ACTIVE_ARCH = YES;
				SDKROOT = iphoneos;
			};
			name = Debug;
		};
		B2A8C0001B5A0CAD00408288 /* Release */ = {
			isa = XCBuildConfiguration;
			buildSettings = {
				ALWAYS_SEARCH_USER_PATHS = YES;
				CLANG_CXX_LANGUAGE_STANDARD = "gnu++0x";
				CLANG_CXX_LIBRARY = "libc++";
				CLANG_ENABLE_MODULES = YES;
				CLANG_ENABLE_OBJC_ARC = YES;
				CLANG_WARN_BOOL_CONVERSION = YES;
				CLANG_WARN_CONSTANT_CONVERSION = YES;
				CLANG_WARN_DIRECT_OBJC_ISA_USAGE = YES_ERROR;
				CLANG_WARN_EMPTY_BODY = YES;
				CLANG_WARN_ENUM_CONVERSION = YES;
				CLANG_WARN_INT_CONVERSION = YES;
				CLANG_WARN_OBJC_ROOT_CLASS = YES_ERROR;
				CLANG_WARN_UNREACHABLE_CODE = YES;
				CLANG_WARN__DUPLICATE_METHOD_MATCH = YES;
				"CODE_SIGN_IDENTITY[sdk=iphoneos*]" = "iPhone Developer";
				COPY_PHASE_STRIP = NO;
				DEBUG_INFORMATION_FORMAT = "dwarf-with-dsym";
				ENABLE_NS_ASSERTIONS = NO;
				ENABLE_STRICT_OBJC_MSGSEND = YES;
				FRAMEWORK_SEARCH_PATHS = "./**";
				GCC_C_LANGUAGE_STANDARD = gnu99;
				GCC_NO_COMMON_BLOCKS = YES;
				GCC_WARN_64_TO_32_BIT_CONVERSION = YES;
				GCC_WARN_ABOUT_RETURN_TYPE = YES_ERROR;
				GCC_WARN_UNDECLARED_SELECTOR = YES;
				GCC_WARN_UNINITIALIZED_AUTOS = YES_AGGRESSIVE;
				GCC_WARN_UNUSED_FUNCTION = YES;
				GCC_WARN_UNUSED_VARIABLE = YES;
				IPHONEOS_DEPLOYMENT_TARGET = 8.4;
				MTL_ENABLE_DEBUG_INFO = NO;
				SDKROOT = iphoneos;
				VALIDATE_PRODUCT = YES;
			};
			name = Release;
		};
		B2A8C0021B5A0CAD00408288 /* Debug */ = {
			isa = XCBuildConfiguration;
			buildSettings = {
				ASSETCATALOG_COMPILER_APPICON_NAME = AppIcon;
				ASSETCATALOG_COMPILER_LAUNCHIMAGE_NAME = LaunchImage;
				GCC_PREFIX_HEADER = "";
				INFOPLIST_FILE = CosmoQuiz/Info.plist;
				LD_RUNPATH_SEARCH_PATHS = "$(inherited) @executable_path/Frameworks";
				OTHER_CFLAGS = "";
				PRODUCT_NAME = CosmoQuiz;
			};
			name = Debug;
		};
		B2A8C0031B5A0CAD00408288 /* Release */ = {
			isa = XCBuildConfiguration;
			buildSettings = {
				ASSETCATALOG_COMPILER_APPICON_NAME = AppIcon;
				ASSETCATALOG_COMPILER_LAUNCHIMAGE_NAME = LaunchImage;
				GCC_PREFIX_HEADER = "";
				INFOPLIST_FILE = CosmoQuiz/Info.plist;
				LD_RUNPATH_SEARCH_PATHS = "$(inherited) @executable_path/Frameworks";
				OTHER_CFLAGS = "";
				PRODUCT_NAME = CosmoQuiz;
			};
			name = Release;
		};
/* End XCBuildConfiguration section */

/* Begin XCConfigurationList section */
		B2A8BFD91B5A0CAD00408288 /* Build configuration list for PBXProject "CosmoQuiz" */ = {
			isa = XCConfigurationList;
			buildConfigurations = (
				B2A8BFFF1B5A0CAD00408288 /* Debug */,
				B2A8C0001B5A0CAD00408288 /* Release */,
			);
			defaultConfigurationIsVisible = 0;
			defaultConfigurationName = Release;
		};
		B2A8C0011B5A0CAD00408288 /* Build configuration list for PBXNativeTarget "CosmoQuiz" */ = {
			isa = XCConfigurationList;
			buildConfigurations = (
				B2A8C0021B5A0CAD00408288 /* Debug */,
				B2A8C0031B5A0CAD00408288 /* Release */,
			);
			defaultConfigurationIsVisible = 0;
			defaultConfigurationName = Release;
		};
/* End XCConfigurationList section */
	};
	rootObject = B2A8BFD61B5A0CAD00408288 /* Project object */;
}
